
Microsoft Visual Studio Solution File, Format Version 11.00
# Visual Studio 2010
Project("{8BC9CEB8-8B4A-11D0-8D11-00A0C91BC942}") = "MyMathRef", "..\MyMathRef\MyMathRef.vcxproj", "{2D9B68AD-D94F-4BD3-836A-4687B832AFE1}"
EndProject
Project("{8BC9CEB8-8B4A-11D0-8D11-00A0C91BC942}") = "MyDLL", "MyDLL\MyDLL.vcxproj", "{BCAFFD53-83B5-4E47-AB57-50D838F5595E}"
EndProject
Global
	GlobalSection(SolutionConfigurationPlatforms) = preSolution
		Debug|Win32 = Debug|Win32
		Release|Win32 = Release|Win32
	EndGlobalSection
	GlobalSection(ProjectConfigurationPlatforms) = postSolution
		{2D9B68AD-D94F-4BD3-836A-4687B832AFE1}.Debug|Win32.ActiveCfg = Debug|Win32
		{2D9B68AD-D94F-4BD3-836A-4687B832AFE1}.Debug|Win32.Build.0 = Debug|Win32
		{2D9B68AD-D94F-4BD3-836A-4687B832AFE1}.Release|Win32.ActiveCfg = Release|Win32
		{2D9B68AD-D94F-4BD3-836A-4687B832AFE1}.Release|Win32.Build.0 = Release|Win32
		{BCAFFD53-83B5-4E47-AB57-50D838F5595E}.Debug|Win32.ActiveCfg = Debug|Win32
		{BCAFFD53-83B5-4E47-AB57-50D838F5595E}.Debug|Win32.Build.0 = Debug|Win32
		{BCAFFD53-83B5-4E47-AB57-50D838F5595E}.Release|Win32.ActiveCfg = Release|Win32
		{BCAFFD53-83B5-4E47-AB57-50D838F5595E}.Release|Win32.Build.0 = Release|Win32
	EndGlobalSection
	GlobalSection(SolutionProperties) = preSolution
		HideSolutionNode = FALSE
	EndGlobalSection
EndGlobal
